
Microsoft Visual Studio Solution File, Format Version 12.00
# Visual Studio Version 17
VisualStudioVersion = 17.4.33213.308
MinimumVisualStudioVersion = 10.0.40219.1
Project("{9A19103F-16F7-4668-BE54-9A1E7A4F7556}") = "CLI_Timer", "CLI_TImer\CLI_Timer.csproj", "{79453488-DD06-4E9C-98E3-E1B364810904}"
EndProject
Global
	GlobalSection(SolutionConfigurationPlatforms) = preSolution
		Debug|Any CPU = Debug|Any CPU
		Release|Any CPU = Release|Any CPU
	EndGlobalSection
	GlobalSection(ProjectConfigurationPlatforms) = postSolution
		{79453488-DD06-4E9C-98E3-E1B364810904}.Debug|Any CPU.ActiveCfg = Debug|Any CPU
		{79453488-DD06-4E9C-98E3-E1B364810904}.Debug|Any CPU.Build.0 = Debug|Any CPU
		{79453488-DD06-4E9C-98E3-E1B364810904}.Release|Any CPU.ActiveCfg = Release|Any CPU
		{79453488-DD06-4E9C-98E3-E1B364810904}.Release|Any CPU.Build.0 = Release|Any CPU
	EndGlobalSection
	GlobalSection(SolutionProperties) = preSolution
		HideSolutionNode = FALSE
	EndGlobalSection
	GlobalSection(ExtensibilityGlobals) = postSolution
		SolutionGuid = {6FA806A9-B998-483E-A893-5C9DF9A93DB0}
	EndGlobalSection
EndGlobal
